
Microsoft Visual Studio Solution File, Format Version 12.00
# Visual Studio 15
Project("{FAE04EC0-301F-11D3-BF4B-00C04F79EFBC}") = "PrototypePattern", "PrototypePattern\PrototypePattern.csproj", "{B473FC22-AD09-4BD4-8CB6-2AFC301E06C8}"
EndProject
Global
	GlobalSection(SolutionConfigurationPlatforms) = preSolution
		Debug|Any CPU = Debug|Any CPU
		Release|Any CPU = Release|Any CPU
	EndGlobalSection
	GlobalSection(ProjectConfigurationPlatforms) = postSolution
		{B473FC22-AD09-4BD4-8CB6-2AFC301E06C8}.Debug|Any CPU.ActiveCfg = Debug|Any CPU
		{B473FC22-AD09-4BD4-8CB6-2AFC301E06C8}.Debug|Any CPU.Build.0 = Debug|Any CPU
		{B473FC22-AD09-4BD4-8CB6-2AFC301E06C8}.Release|Any CPU.ActiveCfg = Release|Any CPU
		{B473FC22-AD09-4BD4-8CB6-2AFC301E06C8}.Release|Any CPU.Build.0 = Release|Any CPU
	EndGlobalSection
EndGlobal
