
Microsoft Visual Studio Solution File, Format Version 12.00
Project("{FAE04EC0-301F-11D3-BF4B-00C04F79EFBC}") = "BuilderPattern", "BuilderPattern\BuilderPattern.csproj", "{AEFD19B8-6E25-454C-BEB2-11C8A8967457}"
EndProject
Global
	GlobalSection(SolutionConfigurationPlatforms) = preSolution
		Debug|Any CPU = Debug|Any CPU
		Release|Any CPU = Release|Any CPU
	EndGlobalSection
	GlobalSection(ProjectConfigurationPlatforms) = postSolution
		{AEFD19B8-6E25-454C-BEB2-11C8A8967457}.Debug|Any CPU.ActiveCfg = Debug|Any CPU
		{AEFD19B8-6E25-454C-BEB2-11C8A8967457}.Debug|Any CPU.Build.0 = Debug|Any CPU
		{AEFD19B8-6E25-454C-BEB2-11C8A8967457}.Release|Any CPU.ActiveCfg = Release|Any CPU
		{AEFD19B8-6E25-454C-BEB2-11C8A8967457}.Release|Any CPU.Build.0 = Release|Any CPU
	EndGlobalSection
EndGlobal
